{
  "name": "university-geocode",
  "version": "0.0.1",
  "lockfileVersion": 1,
  "requires": true,
  "dependencies": {
    "@google/maps": {
      "version": "0.4.6",
      "resolved": "http://registry.npm.taobao.org/@google/maps/download/@google/maps-0.4.6.tgz",
      "integrity": "sha1-ChlX/XGkyfMHBrL9KqwTyv1qkHI="
    },
    "csv": {
      "version": "3.0.2",
      "resolved": "http://registry.npm.taobao.org/csv/download/csv-3.0.2.tgz",
      "integrity": "sha1-PynZLNJ8deO6ISZbXK0pvS14U1g=",
      "requires": {
        "csv-generate": "2.0.2",
        "csv-parse": "2.2.0",
        "csv-stringify": "3.0.0",
        "stream-transform": "1.0.2"
      }
    },
    "csv-generate": {
      "version": "2.0.2",
      "resolved": "http://registry.npm.taobao.org/csv-generate/download/csv-generate-2.0.2.tgz",
      "integrity": "sha1-HCbFK+MY8fC2Q1+N89Ekn7FQP0s="
    },
    "csv-parse": {
      "version": "2.2.0",
      "resolved": "http://registry.npm.taobao.org/csv-parse/download/csv-parse-2.2.0.tgz",
      "integrity": "sha1-R4CX3HMaC2Zbx2E0TK0YUHo1mJM="
    },
    "csv-stringify": {
      "version": "3.0.0",
      "resolved": "http://registry.npm.taobao.org/csv-stringify/download/csv-stringify-3.0.0.tgz",
      "integrity": "sha1-7StOquWjvjgjCfeGQWhFiXAwfX8=",
      "requires": {
        "lodash.get": "4.4.2"
      }
    },
    "ip-address": {
      "version": "5.8.9",
      "resolved": "http://registry.npm.taobao.org/ip-address/download/ip-address-5.8.9.tgz",
      "integrity": "sha1-Y3knfCP8WtsgUR5NI+wsG94QXf0=",
      "requires": {
        "jsbn": "1.1.0",
        "lodash.find": "4.6.0",
        "lodash.max": "4.0.1",
        "lodash.merge": "4.6.1",
        "lodash.padstart": "4.6.1",
        "lodash.repeat": "4.1.0",
        "sprintf-js": "1.1.0"
      }
    },
    "jsbn": {
      "version": "1.1.0",
      "resolved": "http://registry.npm.taobao.org/jsbn/download/jsbn-1.1.0.tgz",
      "integrity": "sha1-sBMHyym2GKHtJux56RH4A8TaAEA="
    },
    "lodash.find": {
      "version": "4.6.0",
      "resolved": "http://registry.npm.taobao.org/lodash.find/download/lodash.find-4.6.0.tgz",
      "integrity": "sha1-ywcE1Hq3F4n/oN6Ll92Sb7iLE7E="
    },
    "lodash.get": {
      "version": "4.4.2",
      "resolved": "http://registry.npm.taobao.org/lodash.get/download/lodash.get-4.4.2.tgz",
      "integrity": "sha1-LRd/ZS+jHpObRDjVNBSZ36OCXpk="
    },
    "lodash.max": {
      "version": "4.0.1",
      "resolved": "http://registry.npm.taobao.org/lodash.max/download/lodash.max-4.0.1.tgz",
      "integrity": "sha1-hzVWbGGLNan3YFILSHrnllivE2o="
    },
    "lodash.merge": {
      "version": "4.6.1",
      "resolved": "http://registry.npm.taobao.org/lodash.merge/download/lodash.merge-4.6.1.tgz",
      "integrity": "sha1-rcJdnLmbk5HFliTzefu6YNcRHVQ="
    },
    "lodash.padstart": {
      "version": "4.6.1",
      "resolved": "http://registry.npm.taobao.org/lodash.padstart/download/lodash.padstart-4.6.1.tgz",
      "integrity": "sha1-0uPuv/DZ05rVD1y9G1KnvOa7YRs="
    },
    "lodash.repeat": {
      "version": "4.1.0",
      "resolved": "http://registry.npm.taobao.org/lodash.repeat/download/lodash.repeat-4.1.0.tgz",
      "integrity": "sha1-/H3oEx2MisB+S0n3T/6CnR8r7EQ="
    },
    "neo-async": {
      "version": "2.5.1",
      "resolved": "http://registry.npm.taobao.org/neo-async/download/neo-async-2.5.1.tgz",
      "integrity": "sha1-rLkJ4yex6H7J7xX0G4omlRKtQe4="
    },
    "socks5-client": {
      "version": "1.2.6",
      "resolved": "http://registry.npm.taobao.org/socks5-client/download/socks5-client-1.2.6.tgz",
      "integrity": "sha1-BbfWlbzc5W0svN4sjXMcIM+HolM=",
      "requires": {
        "ip-address": "5.8.9"
      }
    },
    "socks5-https-client": {
      "version": "1.2.1",
      "resolved": "http://registry.npm.taobao.org/socks5-https-client/download/socks5-https-client-1.2.1.tgz",
      "integrity": "sha1-yNSgAOOc3BZR2QJFrwSnNdddiwk=",
      "requires": {
        "socks5-client": "1.2.6"
      }
    },
    "sprintf-js": {
      "version": "1.1.0",
      "resolved": "http://registry.npm.taobao.org/sprintf-js/download/sprintf-js-1.1.0.tgz",
      "integrity": "sha1-z/yvcC2vZeo5u04PorKZzsGhvkY="
    },
    "stream-transform": {
      "version": "1.0.2",
      "resolved": "http://registry.npm.taobao.org/stream-transform/download/stream-transform-1.0.2.tgz",
      "integrity": "sha1-R95NFfvCm34qflTSXplTiHbxFME="
    }
  }
}
